{
  "lockfileVersion": 1,
  "workspaces": {
    "": {
      "name": "arslexis.io",
      "dependencies": {
        "@codemirror/autocomplete": "^6.18.6",
        "@codemirror/commands": "^6.8.1",
        "@codemirror/lang-angular": "^0.1.4",
        "@codemirror/lang-cpp": "^6.0.2",
        "@codemirror/lang-css": "^6.3.1",
        "@codemirror/lang-html": "^6.4.9",
        "@codemirror/lang-java": "^6.0.1",
        "@codemirror/lang-javascript": "^6.2.3",
        "@codemirror/lang-json": "^6.0.1",
        "@codemirror/lang-markdown": "^6.3.2",
        "@codemirror/lang-php": "^6.0.1",
        "@codemirror/lang-python": "^6.2.0",
        "@codemirror/lang-rust": "^6.0.1",
        "@codemirror/lang-sql": "^6.8.0",
        "@codemirror/lang-vue": "^0.1.3",
        "@codemirror/lang-wast": "^6.0.2",
        "@codemirror/lang-xml": "^6.1.0",
        "@codemirror/language": "^6.11.0",
        "@codemirror/legacy-modes": "^6.5.1",
        "@codemirror/lint": "^6.8.5",
        "@codemirror/search": "^6.5.10",
        "@codemirror/state": "^6.5.2",
        "@codemirror/theme-one-dark": "^6.1.2",
        "@codemirror/view": "^6.36.6",
        "@lezer/common": "^1.2.3",
        "@lezer/highlight": "^1.2.1",
        "@lezer/markdown": "^1.4.3",
        "@neodrag/svelte": "^2.3.3",
        "@replit/codemirror-indentation-markers": "^6.5.3",
        "@replit/codemirror-lang-svelte": "^6.0.0",
        "@replit/codemirror-vim": "^6.3.0",
        "@zip.js/zip.js": "^2.8.8",
        "base32-encode": "^2.0.0",
        "codemirror": "^6.0.1",
        "dayjs": "^1.11.18",
        "fcal": "^0.4.3",
        "idb": "^8.0.2",
        "js-base64": "^3.7.8",
        "marked": "^16.4.1",
        "protobufjs": "^7.5.4",
        "qr-scanner": "^1.4.2",
        "svgo": "^4.0.0",
        "typescript": "^5.9.3",
        "yaml": "^2.8.1",
      },
      "devDependencies": {
        "@sveltejs/vite-plugin-svelte": "^6.2.1",
        "@tailwindcss/vite": "^4.1.15",
        "@types/bun": "^1.3.0",
        "autoprefixer": "^10.4.21",
        "ist": "^1.1.7",
        "prettier": "^3.6.2",
        "prettier-plugin-svelte": "^3.3.3",
        "rolldown-vite": "^7.1.17",
        "rollup-plugin-copy": "^3.5.0",
        "rollup-plugin-visualizer": "^6.0.5",
        "source-map-js": "^1.2.1",
        "svelte": "^5.41.1",
        "tailwindcss": "^4.1.15",
      },
    },
  },
  "overrides": {
    "vite": "^rolldown-vite@7.1.17",
  },
  "packages": {
    "@codemirror/autocomplete": ["@codemirror/autocomplete@6.19.0", "", { "dependencies": { "@codemirror/language": "^6.0.0", "@codemirror/state": "^6.0.0", "@codemirror/view": "^6.17.0", "@lezer/common": "^1.0.0" } }, ""],

    "@codemirror/commands": ["@codemirror/commands@6.9.0", "", { "dependencies": { "@codemirror/language": "^6.0.0", "@codemirror/state": "^6.4.0", "@codemirror/view": "^6.27.0", "@lezer/common": "^1.1.0" } }, ""],

    "@codemirror/lang-angular": ["@codemirror/lang-angular@0.1.4", "", { "dependencies": { "@codemirror/lang-html": "^6.0.0", "@codemirror/lang-javascript": "^6.1.2", "@codemirror/language": "^6.0.0", "@lezer/common": "^1.2.0", "@lezer/highlight": "^1.0.0", "@lezer/lr": "^1.3.3" } }, ""],

    "@codemirror/lang-cpp": ["@codemirror/lang-cpp@6.0.3", "", { "dependencies": { "@codemirror/language": "^6.0.0", "@lezer/cpp": "^1.0.0" } }, ""],

    "@codemirror/lang-css": ["@codemirror/lang-css@6.3.1", "", { "dependencies": { "@codemirror/autocomplete": "^6.0.0", "@codemirror/language": "^6.0.0", "@codemirror/state": "^6.0.0", "@lezer/common": "^1.0.2", "@lezer/css": "^1.1.7" } }, ""],

    "@codemirror/lang-html": ["@codemirror/lang-html@6.4.11", "", { "dependencies": { "@codemirror/autocomplete": "^6.0.0", "@codemirror/lang-css": "^6.0.0", "@codemirror/lang-javascript": "^6.0.0", "@codemirror/language": "^6.4.0", "@codemirror/state": "^6.0.0", "@codemirror/view": "^6.17.0", "@lezer/common": "^1.0.0", "@lezer/css": "^1.1.0", "@lezer/html": "^1.3.12" } }, ""],

    "@codemirror/lang-java": ["@codemirror/lang-java@6.0.2", "", { "dependencies": { "@codemirror/language": "^6.0.0", "@lezer/java": "^1.0.0" } }, ""],

    "@codemirror/lang-javascript": ["@codemirror/lang-javascript@6.2.4", "", { "dependencies": { "@codemirror/autocomplete": "^6.0.0", "@codemirror/language": "^6.6.0", "@codemirror/lint": "^6.0.0", "@codemirror/state": "^6.0.0", "@codemirror/view": "^6.17.0", "@lezer/common": "^1.0.0", "@lezer/javascript": "^1.0.0" } }, ""],

    "@codemirror/lang-json": ["@codemirror/lang-json@6.0.2", "", { "dependencies": { "@codemirror/language": "^6.0.0", "@lezer/json": "^1.0.0" } }, ""],

    "@codemirror/lang-markdown": ["@codemirror/lang-markdown@6.4.0", "", { "dependencies": { "@codemirror/autocomplete": "^6.7.1", "@codemirror/lang-html": "^6.0.0", "@codemirror/language": "^6.3.0", "@codemirror/state": "^6.0.0", "@codemirror/view": "^6.0.0", "@lezer/common": "^1.2.1", "@lezer/markdown": "^1.0.0" } }, ""],

    "@codemirror/lang-php": ["@codemirror/lang-php@6.0.2", "", { "dependencies": { "@codemirror/lang-html": "^6.0.0", "@codemirror/language": "^6.0.0", "@codemirror/state": "^6.0.0", "@lezer/common": "^1.0.0", "@lezer/php": "^1.0.0" } }, ""],

    "@codemirror/lang-python": ["@codemirror/lang-python@6.2.1", "", { "dependencies": { "@codemirror/autocomplete": "^6.3.2", "@codemirror/language": "^6.8.0", "@codemirror/state": "^6.0.0", "@lezer/common": "^1.2.1", "@lezer/python": "^1.1.4" } }, ""],

    "@codemirror/lang-rust": ["@codemirror/lang-rust@6.0.2", "", { "dependencies": { "@codemirror/language": "^6.0.0", "@lezer/rust": "^1.0.0" } }, ""],

    "@codemirror/lang-sql": ["@codemirror/lang-sql@6.10.0", "", { "dependencies": { "@codemirror/autocomplete": "^6.0.0", "@codemirror/language": "^6.0.0", "@codemirror/state": "^6.0.0", "@lezer/common": "^1.2.0", "@lezer/highlight": "^1.0.0", "@lezer/lr": "^1.0.0" } }, ""],

    "@codemirror/lang-vue": ["@codemirror/lang-vue@0.1.3", "", { "dependencies": { "@codemirror/lang-html": "^6.0.0", "@codemirror/lang-javascript": "^6.1.2", "@codemirror/language": "^6.0.0", "@lezer/common": "^1.2.0", "@lezer/highlight": "^1.0.0", "@lezer/lr": "^1.3.1" } }, ""],

    "@codemirror/lang-wast": ["@codemirror/lang-wast@6.0.2", "", { "dependencies": { "@codemirror/language": "^6.0.0", "@lezer/common": "^1.2.0", "@lezer/highlight": "^1.0.0", "@lezer/lr": "^1.0.0" } }, ""],

    "@codemirror/lang-xml": ["@codemirror/lang-xml@6.1.0", "", { "dependencies": { "@codemirror/autocomplete": "^6.0.0", "@codemirror/language": "^6.4.0", "@codemirror/state": "^6.0.0", "@codemirror/view": "^6.0.0", "@lezer/common": "^1.0.0", "@lezer/xml": "^1.0.0" } }, ""],

    "@codemirror/language": ["@codemirror/language@6.11.3", "", { "dependencies": { "@codemirror/state": "^6.0.0", "@codemirror/view": "^6.23.0", "@lezer/common": "^1.1.0", "@lezer/highlight": "^1.0.0", "@lezer/lr": "^1.0.0", "style-mod": "^4.0.0" } }, ""],

    "@codemirror/legacy-modes": ["@codemirror/legacy-modes@6.5.2", "", { "dependencies": { "@codemirror/language": "^6.0.0" } }, ""],

    "@codemirror/lint": ["@codemirror/lint@6.9.0", "", { "dependencies": { "@codemirror/state": "^6.0.0", "@codemirror/view": "^6.35.0", "crelt": "^1.0.5" } }, ""],

    "@codemirror/search": ["@codemirror/search@6.5.11", "", { "dependencies": { "@codemirror/state": "^6.0.0", "@codemirror/view": "^6.0.0", "crelt": "^1.0.5" } }, ""],

    "@codemirror/state": ["@codemirror/state@6.5.2", "", { "dependencies": { "@marijn/find-cluster-break": "^1.0.0" } }, ""],

    "@codemirror/theme-one-dark": ["@codemirror/theme-one-dark@6.1.3", "", { "dependencies": { "@codemirror/language": "^6.0.0", "@codemirror/state": "^6.0.0", "@codemirror/view": "^6.0.0", "@lezer/highlight": "^1.0.0" } }, ""],

    "@codemirror/view": ["@codemirror/view@6.38.6", "", { "dependencies": { "@codemirror/state": "^6.5.0", "crelt": "^1.0.6", "style-mod": "^4.1.0", "w3c-keyname": "^2.2.4" } }, ""],

    "@jridgewell/gen-mapping": ["@jridgewell/gen-mapping@0.3.13", "", { "dependencies": { "@jridgewell/sourcemap-codec": "^1.5.0", "@jridgewell/trace-mapping": "^0.3.24" } }, ""],

    "@jridgewell/remapping": ["@jridgewell/remapping@2.3.5", "", { "dependencies": { "@jridgewell/gen-mapping": "^0.3.5", "@jridgewell/trace-mapping": "^0.3.24" } }, ""],

    "@jridgewell/resolve-uri": ["@jridgewell/resolve-uri@3.1.2", "", {}, ""],

    "@jridgewell/sourcemap-codec": ["@jridgewell/sourcemap-codec@1.5.5", "", {}, ""],

    "@jridgewell/trace-mapping": ["@jridgewell/trace-mapping@0.3.31", "", { "dependencies": { "@jridgewell/resolve-uri": "^3.1.0", "@jridgewell/sourcemap-codec": "^1.4.14" } }, ""],

    "@lezer/common": ["@lezer/common@1.3.0", "", {}, ""],

    "@lezer/cpp": ["@lezer/cpp@1.1.3", "", { "dependencies": { "@lezer/common": "^1.2.0", "@lezer/highlight": "^1.0.0", "@lezer/lr": "^1.0.0" } }, ""],

    "@lezer/css": ["@lezer/css@1.3.0", "", { "dependencies": { "@lezer/common": "^1.2.0", "@lezer/highlight": "^1.0.0", "@lezer/lr": "^1.3.0" } }, ""],

    "@lezer/highlight": ["@lezer/highlight@1.2.2", "", { "dependencies": { "@lezer/common": "^1.3.0" } }, ""],

    "@lezer/html": ["@lezer/html@1.3.12", "", { "dependencies": { "@lezer/common": "^1.2.0", "@lezer/highlight": "^1.0.0", "@lezer/lr": "^1.0.0" } }, ""],

    "@lezer/java": ["@lezer/java@1.1.3", "", { "dependencies": { "@lezer/common": "^1.2.0", "@lezer/highlight": "^1.0.0", "@lezer/lr": "^1.0.0" } }, ""],

    "@lezer/javascript": ["@lezer/javascript@1.5.4", "", { "dependencies": { "@lezer/common": "^1.2.0", "@lezer/highlight": "^1.1.3", "@lezer/lr": "^1.3.0" } }, ""],

    "@lezer/json": ["@lezer/json@1.0.3", "", { "dependencies": { "@lezer/common": "^1.2.0", "@lezer/highlight": "^1.0.0", "@lezer/lr": "^1.0.0" } }, ""],

    "@lezer/lr": ["@lezer/lr@1.4.2", "", { "dependencies": { "@lezer/common": "^1.0.0" } }, ""],

    "@lezer/markdown": ["@lezer/markdown@1.5.1", "", { "dependencies": { "@lezer/common": "^1.0.0", "@lezer/highlight": "^1.0.0" } }, ""],

    "@lezer/php": ["@lezer/php@1.0.5", "", { "dependencies": { "@lezer/common": "^1.2.0", "@lezer/highlight": "^1.0.0", "@lezer/lr": "^1.1.0" } }, ""],

    "@lezer/python": ["@lezer/python@1.1.18", "", { "dependencies": { "@lezer/common": "^1.2.0", "@lezer/highlight": "^1.0.0", "@lezer/lr": "^1.0.0" } }, ""],

    "@lezer/rust": ["@lezer/rust@1.0.2", "", { "dependencies": { "@lezer/common": "^1.2.0", "@lezer/highlight": "^1.0.0", "@lezer/lr": "^1.0.0" } }, ""],

    "@lezer/xml": ["@lezer/xml@1.0.6", "", { "dependencies": { "@lezer/common": "^1.2.0", "@lezer/highlight": "^1.0.0", "@lezer/lr": "^1.0.0" } }, ""],

    "@marijn/find-cluster-break": ["@marijn/find-cluster-break@1.0.2", "", {}, ""],

    "@neodrag/svelte": ["@neodrag/svelte@2.3.3", "", { "peerDependencies": { "svelte": "^3.0.0 || ^4.0.0 || ^5.0.0" } }, ""],

    "@nodelib/fs.scandir": ["@nodelib/fs.scandir@2.1.5", "", { "dependencies": { "@nodelib/fs.stat": "2.0.5", "run-parallel": "^1.1.9" } }, ""],

    "@nodelib/fs.stat": ["@nodelib/fs.stat@2.0.5", "", {}, ""],

    "@nodelib/fs.walk": ["@nodelib/fs.walk@1.2.8", "", { "dependencies": { "@nodelib/fs.scandir": "2.1.5", "fastq": "^1.6.0" } }, ""],

    "@oxc-project/runtime": ["@oxc-project/runtime@0.95.0", "", {}, ""],

    "@oxc-project/types": ["@oxc-project/types@0.95.0", "", {}, ""],

    "@protobufjs/aspromise": ["@protobufjs/aspromise@1.1.2", "", {}, ""],

    "@protobufjs/base64": ["@protobufjs/base64@1.1.2", "", {}, ""],

    "@protobufjs/codegen": ["@protobufjs/codegen@2.0.4", "", {}, ""],

    "@protobufjs/eventemitter": ["@protobufjs/eventemitter@1.1.0", "", {}, ""],

    "@protobufjs/fetch": ["@protobufjs/fetch@1.1.0", "", { "dependencies": { "@protobufjs/aspromise": "^1.1.1", "@protobufjs/inquire": "^1.1.0" } }, ""],

    "@protobufjs/float": ["@protobufjs/float@1.0.2", "", {}, ""],

    "@protobufjs/inquire": ["@protobufjs/inquire@1.1.0", "", {}, ""],

    "@protobufjs/path": ["@protobufjs/path@1.1.2", "", {}, ""],

    "@protobufjs/pool": ["@protobufjs/pool@1.1.0", "", {}, ""],

    "@protobufjs/utf8": ["@protobufjs/utf8@1.1.0", "", {}, ""],

    "@replit/codemirror-indentation-markers": ["@replit/codemirror-indentation-markers@6.5.3", "", { "peerDependencies": { "@codemirror/language": "^6.0.0", "@codemirror/state": "^6.0.0", "@codemirror/view": "^6.0.0" } }, ""],

    "@replit/codemirror-lang-svelte": ["@replit/codemirror-lang-svelte@6.0.0", "", { "peerDependencies": { "@codemirror/autocomplete": "^6.0.0", "@codemirror/lang-css": "^6.0.1", "@codemirror/lang-html": "^6.2.0", "@codemirror/lang-javascript": "^6.1.1", "@codemirror/language": "^6.0.0", "@codemirror/state": "^6.0.0", "@codemirror/view": "^6.0.0", "@lezer/common": "^1.0.0", "@lezer/highlight": "^1.0.0", "@lezer/javascript": "^1.2.0", "@lezer/lr": "^1.0.0" } }, ""],

    "@replit/codemirror-vim": ["@replit/codemirror-vim@6.3.0", "", { "peerDependencies": { "@codemirror/commands": "6.x.x", "@codemirror/language": "6.x.x", "@codemirror/search": "6.x.x", "@codemirror/state": "6.x.x", "@codemirror/view": "6.x.x" } }, ""],

    "@rolldown/binding-darwin-arm64": ["@rolldown/binding-darwin-arm64@1.0.0-beta.44", "", { "os": "darwin", "cpu": "arm64" }, ""],

    "@rolldown/pluginutils": ["@rolldown/pluginutils@1.0.0-beta.44", "", {}, ""],

    "@sveltejs/acorn-typescript": ["@sveltejs/acorn-typescript@1.0.6", "", { "peerDependencies": { "acorn": "^8.9.0" } }, ""],

    "@sveltejs/vite-plugin-svelte": ["@sveltejs/vite-plugin-svelte@6.2.1", "", { "dependencies": { "@sveltejs/vite-plugin-svelte-inspector": "^5.0.0", "debug": "^4.4.1", "deepmerge": "^4.3.1", "magic-string": "^0.30.17", "vitefu": "^1.1.1" }, "peerDependencies": { "svelte": "^5.0.0", "vite": "^6.3.0 || ^7.0.0" } }, ""],

    "@sveltejs/vite-plugin-svelte-inspector": ["@sveltejs/vite-plugin-svelte-inspector@5.0.1", "", { "dependencies": { "debug": "^4.4.1" }, "peerDependencies": { "@sveltejs/vite-plugin-svelte": "^6.0.0-next.0", "svelte": "^5.0.0", "vite": "^6.3.0 || ^7.0.0" } }, ""],

    "@tailwindcss/node": ["@tailwindcss/node@4.1.15", "", { "dependencies": { "@jridgewell/remapping": "^2.3.4", "enhanced-resolve": "^5.18.3", "jiti": "^2.6.0", "lightningcss": "1.30.2", "magic-string": "^0.30.19", "source-map-js": "^1.2.1", "tailwindcss": "4.1.15" } }, ""],

    "@tailwindcss/oxide": ["@tailwindcss/oxide@4.1.15", "", { "optionalDependencies": { "@tailwindcss/oxide-darwin-arm64": "4.1.15" } }, ""],

    "@tailwindcss/oxide-darwin-arm64": ["@tailwindcss/oxide-darwin-arm64@4.1.15", "", { "os": "darwin", "cpu": "arm64" }, ""],

    "@tailwindcss/vite": ["@tailwindcss/vite@4.1.15", "", { "dependencies": { "@tailwindcss/node": "4.1.15", "@tailwindcss/oxide": "4.1.15", "tailwindcss": "4.1.15" }, "peerDependencies": { "vite": "^5.2.0 || ^6 || ^7" } }, ""],

    "@types/bun": ["@types/bun@1.3.0", "", { "dependencies": { "bun-types": "1.3.0" } }, ""],

    "@types/estree": ["@types/estree@1.0.8", "", {}, ""],

    "@types/fs-extra": ["@types/fs-extra@8.1.5", "", { "dependencies": { "@types/node": "*" } }, ""],

    "@types/glob": ["@types/glob@7.2.0", "", { "dependencies": { "@types/minimatch": "*", "@types/node": "*" } }, ""],

    "@types/minimatch": ["@types/minimatch@6.0.0", "", { "dependencies": { "minimatch": "*" } }, ""],

    "@types/node": ["@types/node@24.9.0", "", { "dependencies": { "undici-types": "~7.16.0" } }, ""],

    "@types/offscreencanvas": ["@types/offscreencanvas@2019.7.3", "", {}, ""],

    "@types/react": ["@types/react@19.2.2", "", { "dependencies": { "csstype": "^3.0.2" } }, ""],

    "@zip.js/zip.js": ["@zip.js/zip.js@2.8.8", "", {}, "sha512-v0KutehhSAuaoFAFGLp+V4+UiZ1mIxQ8vNOYMD7k9ZJaBbtQV49MYlg568oRLiuwWDg2Di58Iw3Q0ESNWR+5JA=="],

    "acorn": ["acorn@8.15.0", "", { "bin": "bin/acorn" }, "sha512-NZyJarBfL7nWwIq+FDL6Zp/yHEhePMNnnJ0y3qfieCrmNvYct8uvtiV41UvlSe6apAfk0fY1FbWx+NwfmpvtTg=="],

    "ansi-regex": ["ansi-regex@5.0.1", "", {}, ""],

    "ansi-styles": ["ansi-styles@4.3.0", "", { "dependencies": { "color-convert": "^2.0.1" } }, ""],

    "aria-query": ["aria-query@5.3.2", "", {}, ""],

    "array-union": ["array-union@2.1.0", "", {}, ""],

    "autoprefixer": ["autoprefixer@10.4.21", "", { "dependencies": { "browserslist": "^4.24.4", "caniuse-lite": "^1.0.30001702", "fraction.js": "^4.3.7", "normalize-range": "^0.1.2", "picocolors": "^1.1.1", "postcss-value-parser": "^4.2.0" }, "peerDependencies": { "postcss": "^8.1.0" }, "bin": "bin/autoprefixer" }, ""],

    "axobject-query": ["axobject-query@4.1.0", "", {}, ""],

    "balanced-match": ["balanced-match@1.0.2", "", {}, ""],

    "base32-encode": ["base32-encode@2.0.0", "", { "dependencies": { "to-data-view": "^2.0.0" } }, ""],

    "baseline-browser-mapping": ["baseline-browser-mapping@2.8.18", "", { "bin": "dist/cli.js" }, ""],

    "boolbase": ["boolbase@1.0.0", "", {}, ""],

    "brace-expansion": ["brace-expansion@1.1.12", "", { "dependencies": { "balanced-match": "^1.0.0", "concat-map": "0.0.1" } }, ""],

    "braces": ["braces@3.0.3", "", { "dependencies": { "fill-range": "^7.1.1" } }, ""],

    "browserslist": ["browserslist@4.26.3", "", { "dependencies": { "baseline-browser-mapping": "^2.8.9", "caniuse-lite": "^1.0.30001746", "electron-to-chromium": "^1.5.227", "node-releases": "^2.0.21", "update-browserslist-db": "^1.1.3" }, "bin": "cli.js" }, ""],

    "bun-types": ["bun-types@1.3.0", "", { "dependencies": { "@types/node": "*" }, "peerDependencies": { "@types/react": "^19" } }, ""],

    "caniuse-lite": ["caniuse-lite@1.0.30001751", "", {}, ""],

    "cliui": ["cliui@8.0.1", "", { "dependencies": { "string-width": "^4.2.0", "strip-ansi": "^6.0.1", "wrap-ansi": "^7.0.0" } }, ""],

    "clsx": ["clsx@2.1.1", "", {}, ""],

    "codemirror": ["codemirror@6.0.2", "", { "dependencies": { "@codemirror/autocomplete": "^6.0.0", "@codemirror/commands": "^6.0.0", "@codemirror/language": "^6.0.0", "@codemirror/lint": "^6.0.0", "@codemirror/search": "^6.0.0", "@codemirror/state": "^6.0.0", "@codemirror/view": "^6.0.0" } }, ""],

    "color-convert": ["color-convert@2.0.1", "", { "dependencies": { "color-name": "~1.1.4" } }, ""],

    "color-name": ["color-name@1.1.4", "", {}, ""],

    "colorette": ["colorette@1.4.0", "", {}, ""],

    "commander": ["commander@11.1.0", "", {}, ""],

    "concat-map": ["concat-map@0.0.1", "", {}, ""],

    "crelt": ["crelt@1.0.6", "", {}, ""],

    "css-select": ["css-select@5.2.2", "", { "dependencies": { "boolbase": "^1.0.0", "css-what": "^6.1.0", "domhandler": "^5.0.2", "domutils": "^3.0.1", "nth-check": "^2.0.1" } }, ""],

    "css-tree": ["css-tree@3.1.0", "", { "dependencies": { "mdn-data": "2.12.2", "source-map-js": "^1.0.1" } }, ""],

    "css-what": ["css-what@6.2.2", "", {}, ""],

    "csso": ["csso@5.0.5", "", { "dependencies": { "css-tree": "~2.2.0" } }, ""],

    "csstype": ["csstype@3.1.3", "", {}, ""],

    "dayjs": ["dayjs@1.11.18", "", {}, ""],

    "debug": ["debug@4.4.3", "", { "dependencies": { "ms": "^2.1.3" } }, ""],

    "decimal.js": ["decimal.js@10.6.0", "", {}, "sha512-YpgQiITW3JXGntzdUmyUR1V812Hn8T1YVXhCu+wO3OpS4eU9l4YdD3qjyiKdV6mvV29zapkMeD390UVEf2lkUg=="],

    "deepmerge": ["deepmerge@4.3.1", "", {}, ""],

    "define-lazy-prop": ["define-lazy-prop@2.0.0", "", {}, ""],

    "detect-libc": ["detect-libc@2.1.2", "", {}, ""],

    "dir-glob": ["dir-glob@3.0.1", "", { "dependencies": { "path-type": "^4.0.0" } }, ""],

    "dom-serializer": ["dom-serializer@2.0.0", "", { "dependencies": { "domelementtype": "^2.3.0", "domhandler": "^5.0.2", "entities": "^4.2.0" } }, ""],

    "domelementtype": ["domelementtype@2.3.0", "", {}, ""],

    "domhandler": ["domhandler@5.0.3", "", { "dependencies": { "domelementtype": "^2.3.0" } }, ""],

    "domutils": ["domutils@3.2.2", "", { "dependencies": { "dom-serializer": "^2.0.0", "domelementtype": "^2.3.0", "domhandler": "^5.0.3" } }, ""],

    "electron-to-chromium": ["electron-to-chromium@1.5.237", "", {}, ""],

    "emoji-regex": ["emoji-regex@8.0.0", "", {}, ""],

    "enhanced-resolve": ["enhanced-resolve@5.18.3", "", { "dependencies": { "graceful-fs": "^4.2.4", "tapable": "^2.2.0" } }, ""],

    "entities": ["entities@4.5.0", "", {}, ""],

    "esbuild": ["esbuild@0.25.11", "", { "bin": "bin/esbuild" }, ""],

    "escalade": ["escalade@3.2.0", "", {}, ""],

    "esm-env": ["esm-env@1.2.2", "", {}, ""],

    "esrap": ["esrap@2.1.0", "", { "dependencies": { "@jridgewell/sourcemap-codec": "^1.4.15" } }, ""],

    "fast-glob": ["fast-glob@3.3.3", "", { "dependencies": { "@nodelib/fs.stat": "^2.0.2", "@nodelib/fs.walk": "^1.2.3", "glob-parent": "^5.1.2", "merge2": "^1.3.0", "micromatch": "^4.0.8" } }, ""],

    "fastq": ["fastq@1.19.1", "", { "dependencies": { "reusify": "^1.0.4" } }, ""],

    "fcal": ["fcal@0.4.3", "", { "dependencies": { "decimal.js": "^10.2.0", "toformat": "^2.0.0" } }, ""],

    "fdir": ["fdir@6.5.0", "", { "peerDependencies": { "picomatch": "^3 || ^4" } }, ""],

    "fill-range": ["fill-range@7.1.1", "", { "dependencies": { "to-regex-range": "^5.0.1" } }, ""],

    "fraction.js": ["fraction.js@4.3.7", "", {}, "sha512-ZsDfxO51wGAXREY55a7la9LScWpwv9RxIrYABrlvOFBlH/ShPnrtsXeuUIfXKKOVicNxQ+o8JTbJvjS4M89yew=="],

    "fs-extra": ["fs-extra@8.1.0", "", { "dependencies": { "graceful-fs": "^4.2.0", "jsonfile": "^4.0.0", "universalify": "^0.1.0" } }, ""],

    "fs.realpath": ["fs.realpath@1.0.0", "", {}, ""],

    "fsevents": ["fsevents@2.3.3", "", { "os": "darwin" }, ""],

    "get-caller-file": ["get-caller-file@2.0.5", "", {}, ""],

    "glob": ["glob@7.2.3", "", { "dependencies": { "fs.realpath": "^1.0.0", "inflight": "^1.0.4", "inherits": "2", "minimatch": "^3.1.1", "once": "^1.3.0", "path-is-absolute": "^1.0.0" } }, ""],

    "glob-parent": ["glob-parent@5.1.2", "", { "dependencies": { "is-glob": "^4.0.1" } }, ""],

    "globby": ["globby@10.0.1", "", { "dependencies": { "@types/glob": "^7.1.1", "array-union": "^2.1.0", "dir-glob": "^3.0.1", "fast-glob": "^3.0.3", "glob": "^7.1.3", "ignore": "^5.1.1", "merge2": "^1.2.3", "slash": "^3.0.0" } }, ""],

    "graceful-fs": ["graceful-fs@4.2.11", "", {}, ""],

    "idb": ["idb@8.0.3", "", {}, ""],

    "ignore": ["ignore@5.3.2", "", {}, ""],

    "inflight": ["inflight@1.0.6", "", { "dependencies": { "once": "^1.3.0", "wrappy": "1" } }, ""],

    "inherits": ["inherits@2.0.4", "", {}, ""],

    "is-docker": ["is-docker@2.2.1", "", { "bin": "cli.js" }, ""],

    "is-extglob": ["is-extglob@2.1.1", "", {}, ""],

    "is-fullwidth-code-point": ["is-fullwidth-code-point@3.0.0", "", {}, ""],

    "is-glob": ["is-glob@4.0.3", "", { "dependencies": { "is-extglob": "^2.1.1" } }, ""],

    "is-number": ["is-number@7.0.0", "", {}, ""],

    "is-plain-object": ["is-plain-object@3.0.1", "", {}, ""],

    "is-reference": ["is-reference@3.0.3", "", { "dependencies": { "@types/estree": "^1.0.6" } }, ""],

    "is-wsl": ["is-wsl@2.2.0", "", { "dependencies": { "is-docker": "^2.0.0" } }, ""],

    "ist": ["ist@1.1.7", "", {}, ""],

    "jiti": ["jiti@2.6.1", "", { "bin": "lib/jiti-cli.mjs" }, ""],

    "js-base64": ["js-base64@3.7.8", "", {}, ""],

    "jsonfile": ["jsonfile@4.0.0", "", { "optionalDependencies": { "graceful-fs": "^4.1.6" } }, ""],

    "lightningcss": ["lightningcss@1.30.2", "", { "dependencies": { "detect-libc": "^2.0.3" }, "optionalDependencies": { "lightningcss-darwin-arm64": "1.30.2" } }, ""],

    "lightningcss-darwin-arm64": ["lightningcss-darwin-arm64@1.30.2", "", { "os": "darwin", "cpu": "arm64" }, ""],

    "locate-character": ["locate-character@3.0.0", "", {}, ""],

    "long": ["long@5.3.2", "", {}, ""],

    "magic-string": ["magic-string@0.30.19", "", { "dependencies": { "@jridgewell/sourcemap-codec": "^1.5.5" } }, ""],

    "marked": ["marked@16.4.1", "", { "bin": "bin/marked.js" }, ""],

    "mdn-data": ["mdn-data@2.12.2", "", {}, ""],

    "merge2": ["merge2@1.4.1", "", {}, ""],

    "micromatch": ["micromatch@4.0.8", "", { "dependencies": { "braces": "^3.0.3", "picomatch": "^2.3.1" } }, ""],

    "minimatch": ["minimatch@3.1.2", "", { "dependencies": { "brace-expansion": "^1.1.7" } }, ""],

    "ms": ["ms@2.1.3", "", {}, ""],

    "nanoid": ["nanoid@3.3.11", "", { "bin": "bin/nanoid.cjs" }, ""],

    "node-releases": ["node-releases@2.0.25", "", {}, ""],

    "normalize-range": ["normalize-range@0.1.2", "", {}, ""],

    "nth-check": ["nth-check@2.1.1", "", { "dependencies": { "boolbase": "^1.0.0" } }, ""],

    "once": ["once@1.4.0", "", { "dependencies": { "wrappy": "1" } }, ""],

    "open": ["open@8.4.2", "", { "dependencies": { "define-lazy-prop": "^2.0.0", "is-docker": "^2.1.1", "is-wsl": "^2.2.0" } }, ""],

    "path-is-absolute": ["path-is-absolute@1.0.1", "", {}, ""],

    "path-type": ["path-type@4.0.0", "", {}, ""],

    "picocolors": ["picocolors@1.1.1", "", {}, ""],

    "picomatch": ["picomatch@4.0.3", "", {}, ""],

    "postcss": ["postcss@8.5.6", "", { "dependencies": { "nanoid": "^3.3.11", "picocolors": "^1.1.1", "source-map-js": "^1.2.1" } }, ""],

    "postcss-value-parser": ["postcss-value-parser@4.2.0", "", {}, ""],

    "prettier": ["prettier@3.6.2", "", { "bin": "bin/prettier.cjs" }, ""],

    "prettier-plugin-svelte": ["prettier-plugin-svelte@3.4.0", "", { "peerDependencies": { "prettier": "^3.0.0", "svelte": "^3.2.0 || ^4.0.0-next.0 || ^5.0.0-next.0" } }, ""],

    "protobufjs": ["protobufjs@7.5.4", "", { "dependencies": { "@protobufjs/aspromise": "^1.1.2", "@protobufjs/base64": "^1.1.2", "@protobufjs/codegen": "^2.0.4", "@protobufjs/eventemitter": "^1.1.0", "@protobufjs/fetch": "^1.1.0", "@protobufjs/float": "^1.0.2", "@protobufjs/inquire": "^1.1.0", "@protobufjs/path": "^1.1.2", "@protobufjs/pool": "^1.1.0", "@protobufjs/utf8": "^1.1.0", "@types/node": ">=13.7.0", "long": "^5.0.0" } }, ""],

    "qr-scanner": ["qr-scanner@1.4.2", "", { "dependencies": { "@types/offscreencanvas": "^2019.6.4" } }, ""],

    "queue-microtask": ["queue-microtask@1.2.3", "", {}, ""],

    "require-directory": ["require-directory@2.1.1", "", {}, ""],

    "reusify": ["reusify@1.1.0", "", {}, ""],

    "rolldown": ["rolldown@1.0.0-beta.44", "", { "dependencies": { "@oxc-project/types": "=0.95.0", "@rolldown/pluginutils": "1.0.0-beta.44" }, "optionalDependencies": { "@rolldown/binding-darwin-arm64": "1.0.0-beta.44" }, "bin": "bin/cli.mjs" }, ""],

    "rolldown-vite": ["rolldown-vite@7.1.19", "", { "dependencies": { "@oxc-project/runtime": "0.95.0", "fdir": "^6.5.0", "lightningcss": "^1.30.2", "picomatch": "^4.0.3", "postcss": "^8.5.6", "rolldown": "1.0.0-beta.44", "tinyglobby": "^0.2.15" }, "optionalDependencies": { "fsevents": "~2.3.3" }, "peerDependencies": { "@types/node": "^20.19.0 || >=22.12.0", "esbuild": "^0.25.0", "jiti": ">=1.21.0", "less": "^4.0.0", "sass": "^1.70.0", "sass-embedded": "^1.70.0", "stylus": ">=0.54.8", "sugarss": "^5.0.0", "terser": "^5.16.0", "tsx": "^4.8.1", "yaml": "^2.4.2" }, "optionalPeers": ["less", "sass", "sass-embedded", "stylus", "sugarss", "terser", "tsx"], "bin": { "vite": "bin/vite.js" } }, ""],

    "rollup": ["rollup@4.52.5", "", { "dependencies": { "@types/estree": "1.0.8" }, "optionalDependencies": { "fsevents": "~2.3.2" }, "bin": "dist/bin/rollup" }, ""],

    "rollup-plugin-copy": ["rollup-plugin-copy@3.5.0", "", { "dependencies": { "@types/fs-extra": "^8.0.1", "colorette": "^1.1.0", "fs-extra": "^8.1.0", "globby": "10.0.1", "is-plain-object": "^3.0.0" } }, ""],

    "rollup-plugin-visualizer": ["rollup-plugin-visualizer@6.0.5", "", { "dependencies": { "open": "^8.0.0", "picomatch": "^4.0.2", "source-map": "^0.7.4", "yargs": "^17.5.1" }, "peerDependencies": { "rolldown": "1.x || ^1.0.0-beta", "rollup": "2.x || 3.x || 4.x" }, "bin": "dist/bin/cli.js" }, ""],

    "run-parallel": ["run-parallel@1.2.0", "", { "dependencies": { "queue-microtask": "^1.2.2" } }, ""],

    "sax": ["sax@1.4.1", "", {}, ""],

    "slash": ["slash@3.0.0", "", {}, ""],

    "source-map": ["source-map@0.7.6", "", {}, ""],

    "source-map-js": ["source-map-js@1.2.1", "", {}, ""],

    "string-width": ["string-width@4.2.3", "", { "dependencies": { "emoji-regex": "^8.0.0", "is-fullwidth-code-point": "^3.0.0", "strip-ansi": "^6.0.1" } }, ""],

    "strip-ansi": ["strip-ansi@6.0.1", "", { "dependencies": { "ansi-regex": "^5.0.1" } }, ""],

    "style-mod": ["style-mod@4.1.3", "", {}, ""],

    "svelte": ["svelte@5.41.1", "", { "dependencies": { "@jridgewell/remapping": "^2.3.4", "@jridgewell/sourcemap-codec": "^1.5.0", "@sveltejs/acorn-typescript": "^1.0.5", "@types/estree": "^1.0.5", "acorn": "^8.12.1", "aria-query": "^5.3.1", "axobject-query": "^4.1.0", "clsx": "^2.1.1", "esm-env": "^1.2.1", "esrap": "^2.1.0", "is-reference": "^3.0.3", "locate-character": "^3.0.0", "magic-string": "^0.30.11", "zimmerframe": "^1.1.2" } }, ""],

    "svgo": ["svgo@4.0.0", "", { "dependencies": { "commander": "^11.1.0", "css-select": "^5.1.0", "css-tree": "^3.0.1", "css-what": "^6.1.0", "csso": "^5.0.5", "picocolors": "^1.1.1", "sax": "^1.4.1" }, "bin": "bin/svgo.js" }, ""],

    "tailwindcss": ["tailwindcss@4.1.15", "", {}, ""],

    "tapable": ["tapable@2.3.0", "", {}, ""],

    "tinyglobby": ["tinyglobby@0.2.15", "", { "dependencies": { "fdir": "^6.5.0", "picomatch": "^4.0.3" } }, ""],

    "to-data-view": ["to-data-view@2.0.0", "", {}, ""],

    "to-regex-range": ["to-regex-range@5.0.1", "", { "dependencies": { "is-number": "^7.0.0" } }, ""],

    "toformat": ["toformat@2.0.0", "", {}, ""],

    "typescript": ["typescript@5.9.3", "", { "bin": { "tsc": "bin/tsc", "tsserver": "bin/tsserver" } }, "sha512-jl1vZzPDinLr9eUt3J/t7V6FgNEw9QjvBPdysz9KfQDD41fQrC2Y4vKQdiaUpFT4bXlb1RHhLpp8wtm6M5TgSw=="],

    "undici-types": ["undici-types@7.16.0", "", {}, ""],

    "universalify": ["universalify@0.1.2", "", {}, ""],

    "update-browserslist-db": ["update-browserslist-db@1.1.3", "", { "dependencies": { "escalade": "^3.2.0", "picocolors": "^1.1.1" }, "peerDependencies": { "browserslist": ">= 4.21.0" }, "bin": "cli.js" }, ""],

    "vite": ["vite@7.1.11", "", { "dependencies": { "esbuild": "^0.25.0", "fdir": "^6.5.0", "picomatch": "^4.0.3", "postcss": "^8.5.6", "rollup": "^4.43.0", "tinyglobby": "^0.2.15" }, "optionalDependencies": { "fsevents": "~2.3.3" }, "peerDependencies": { "@types/node": "^20.19.0 || >=22.12.0", "jiti": ">=1.21.0", "less": "^4.0.0", "lightningcss": "^1.21.0", "sass": "^1.70.0", "sass-embedded": "^1.70.0", "stylus": ">=0.54.8", "sugarss": "^5.0.0", "terser": "^5.16.0", "tsx": "^4.8.1", "yaml": "^2.4.2" }, "optionalPeers": ["less", "sass", "sass-embedded", "stylus", "sugarss", "terser", "tsx"], "bin": "bin/vite.js" }, ""],

    "vitefu": ["vitefu@1.1.1", "", { "peerDependencies": { "vite": "^3.0.0 || ^4.0.0 || ^5.0.0 || ^6.0.0 || ^7.0.0-beta.0" } }, ""],

    "w3c-keyname": ["w3c-keyname@2.2.8", "", {}, ""],

    "wrap-ansi": ["wrap-ansi@7.0.0", "", { "dependencies": { "ansi-styles": "^4.0.0", "string-width": "^4.1.0", "strip-ansi": "^6.0.0" } }, ""],

    "wrappy": ["wrappy@1.0.2", "", {}, ""],

    "y18n": ["y18n@5.0.8", "", {}, ""],

    "yaml": ["yaml@2.8.1", "", { "bin": "bin.mjs" }, ""],

    "yargs": ["yargs@17.7.2", "", { "dependencies": { "cliui": "^8.0.1", "escalade": "^3.1.1", "get-caller-file": "^2.0.5", "require-directory": "^2.1.1", "string-width": "^4.2.3", "y18n": "^5.0.5", "yargs-parser": "^21.1.1" } }, ""],

    "yargs-parser": ["yargs-parser@21.1.1", "", {}, ""],

    "zimmerframe": ["zimmerframe@1.1.4", "", {}, ""],

    "csso/css-tree": ["css-tree@2.2.1", "", { "dependencies": { "mdn-data": "2.0.28", "source-map-js": "^1.0.1" } }, ""],

    "micromatch/picomatch": ["picomatch@2.3.1", "", {}, ""],

    "csso/css-tree/mdn-data": ["mdn-data@2.0.28", "", {}, ""],
  }
}
